
Microsoft Visual Studio Solution File, Format Version 12.00
# Visual Studio Version 17
VisualStudioVersion = 17.9.34902.65
MinimumVisualStudioVersion = 10.0.40219.1
Project("{FAE04EC0-301F-11D3-BF4B-00C04F79EFBC}") = "sample-jwt", "sample-jwt\sample-jwt.csproj", "{AE00FF88-2B9C-4940-8195-15CC8E83D5BB}"
EndProject
Global
	GlobalSection(SolutionConfigurationPlatforms) = preSolution
		Debug|Any CPU = Debug|Any CPU
		Release|Any CPU = Release|Any CPU
	EndGlobalSection
	GlobalSection(ProjectConfigurationPlatforms) = postSolution
		{AE00FF88-2B9C-4940-8195-15CC8E83D5BB}.Debug|Any CPU.ActiveCfg = Debug|Any CPU
		{AE00FF88-2B9C-4940-8195-15CC8E83D5BB}.Debug|Any CPU.Build.0 = Debug|Any CPU
		{AE00FF88-2B9C-4940-8195-15CC8E83D5BB}.Release|Any CPU.ActiveCfg = Release|Any CPU
		{AE00FF88-2B9C-4940-8195-15CC8E83D5BB}.Release|Any CPU.Build.0 = Release|Any CPU
	EndGlobalSection
	GlobalSection(SolutionProperties) = preSolution
		HideSolutionNode = FALSE
	EndGlobalSection
	GlobalSection(ExtensibilityGlobals) = postSolution
		SolutionGuid = {8DB2174A-B459-4480-9A91-E260FC0EE0A1}
	EndGlobalSection
EndGlobal
